
Microsoft Visual Studio Solution File, Format Version 12.00
# Visual Studio Version 16
VisualStudioVersion = 16.0.810.13
MinimumVisualStudioVersion = 10.0.40219.1
Project("{FAE04EC0-301F-11D3-BF4B-00C04F79EFBC}") = "SampleVueProject.Login", "SampleVueProject.Login\SampleVueProject.Login.csproj", "{12CAA2B2-87EF-4AC1-A27D-8152F51374B3}"
EndProject
Global
	GlobalSection(SolutionConfigurationPlatforms) = preSolution
		Debug|Any CPU = Debug|Any CPU
		Release|Any CPU = Release|Any CPU
	EndGlobalSection
	GlobalSection(ProjectConfigurationPlatforms) = postSolution
		{12CAA2B2-87EF-4AC1-A27D-8152F51374B3}.Debug|Any CPU.ActiveCfg = Debug|Any CPU
		{12CAA2B2-87EF-4AC1-A27D-8152F51374B3}.Debug|Any CPU.Build.0 = Debug|Any CPU
		{12CAA2B2-87EF-4AC1-A27D-8152F51374B3}.Release|Any CPU.ActiveCfg = Release|Any CPU
		{12CAA2B2-87EF-4AC1-A27D-8152F51374B3}.Release|Any CPU.Build.0 = Release|Any CPU
	EndGlobalSection
	GlobalSection(SolutionProperties) = preSolution
		HideSolutionNode = FALSE
	EndGlobalSection
	GlobalSection(ExtensibilityGlobals) = postSolution
		SolutionGuid = {601F75E5-DD81-4655-8025-C76CFD0961A0}
	EndGlobalSection
EndGlobal
